{
  "name": "vue-chart",
  "version": "0.1.0",
  "lockfileVersion": 1,
  "requires": true,
  "dependencies": {
    "echarts": {
      "version": "5.0.0",
      "resolved": "https://registry.npm.taobao.org/echarts/download/echarts-5.0.0.tgz?cache=0&sync_timestamp=1606890707379&other_urls=https%3A%2F%2Fregistry.npm.taobao.org%2Fecharts%2Fdownload%2Fecharts-5.0.0.tgz",
      "integrity": "sha1-ZuwOpH48k7Kq37stcZhpkyrRPOA=",
      "requires": {
        "tslib": "1.10.0",
        "zrender": "5.0.1"
      }
    },
    "echarts-liquidfill": {
      "version": "2.0.6",
      "resolved": "https://registry.npm.taobao.org/echarts-liquidfill/download/echarts-liquidfill-2.0.6.tgz",
      "integrity": "sha1-BmjcYdh6YmIAMJC9MsVaqBCMJS4="
    },
    "tslib": {
      "version": "1.10.0",
      "resolved": "https://registry.npm.taobao.org/tslib/download/tslib-1.10.0.tgz?cache=0&sync_timestamp=1609887581211&other_urls=https%3A%2F%2Fregistry.npm.taobao.org%2Ftslib%2Fdownload%2Ftslib-1.10.0.tgz",
      "integrity": "sha1-w8GflZc/sKYpc/sJ2Q2WHuQ+XIo="
    },
    "zrender": {
      "version": "5.0.1",
      "resolved": "https://registry.npm.taobao.org/zrender/download/zrender-5.0.1.tgz?cache=0&sync_timestamp=1605884260833&other_urls=https%3A%2F%2Fregistry.npm.taobao.org%2Fzrender%2Fdownload%2Fzrender-5.0.1.tgz",
      "integrity": "sha1-zDdxNqnQDQoXfKf2XDKu0pAZKNo=",
      "requires": {
        "tslib": "1.10.0"
      }
    }
  }
}
